
Microsoft Visual Studio Solution File, Format Version 10.00
# Visual C++ Express 2008
Project("{8BC9CEB8-8B4A-11D0-8D11-00A0C91BC942}") = "libCoinUtils", "..\..\CoinUtils\MSVisualStudio\v9\libCoinUtils\libCoinUtils.vcproj", "{C4867F15-438D-4FF8-8388-62FBAAA9786C}"
EndProject
Project("{8BC9CEB8-8B4A-11D0-8D11-00A0C91BC942}") = "libAlps", "..\..\Alps\MSVisualStudio\v9\libAlps.vcproj", "{246A8CAC-4D2A-4D9D-9B5A-BEB99C0F2E89}"
	ProjectSection(ProjectDependencies) = postProject
		{C4867F15-438D-4FF8-8388-62FBAAA9786C} = {C4867F15-438D-4FF8-8388-62FBAAA9786C}
	EndProjectSection
EndProject
Project("{8BC9CEB8-8B4A-11D0-8D11-00A0C91BC942}") = "libBcps", "..\..\Bcps\MSVisualStudio\v9\libBcps.vcproj", "{F75776C2-BDEA-4BE4-8B88-C7B3D0BEA111}"
	ProjectSection(ProjectDependencies) = postProject
		{C4867F15-438D-4FF8-8388-62FBAAA9786C} = {C4867F15-438D-4FF8-8388-62FBAAA9786C}
		{246A8CAC-4D2A-4D9D-9B5A-BEB99C0F2E89} = {246A8CAC-4D2A-4D9D-9B5A-BEB99C0F2E89}
	EndProjectSection
EndProject
Project("{8BC9CEB8-8B4A-11D0-8D11-00A0C91BC942}") = "libBlis", "..\..\Blis\MSVisualStudio\v9\libBlis.vcproj", "{0DDCC5B4-0E53-4FF4-9AA0-CAB39A51D860}"
	ProjectSection(ProjectDependencies) = postProject
		{DBEA3904-F0B8-408A-9E1A-6497FEBE8C42} = {DBEA3904-F0B8-408A-9E1A-6497FEBE8C42}
		{C4867F15-438D-4FF8-8388-62FBAAA9786C} = {C4867F15-438D-4FF8-8388-62FBAAA9786C}
		{4F8F7D1C-3A9E-444D-8EE9-77F33FA05994} = {4F8F7D1C-3A9E-444D-8EE9-77F33FA05994}
		{02D45875-A8CF-41B9-990B-3699C0ECFE10} = {02D45875-A8CF-41B9-990B-3699C0ECFE10}
		{246A8CAC-4D2A-4D9D-9B5A-BEB99C0F2E89} = {246A8CAC-4D2A-4D9D-9B5A-BEB99C0F2E89}
		{F75776C2-BDEA-4BE4-8B88-C7B3D0BEA111} = {F75776C2-BDEA-4BE4-8B88-C7B3D0BEA111}
		{7D98E2CB-876E-4F75-9F71-77D3FE87E149} = {7D98E2CB-876E-4F75-9F71-77D3FE87E149}
	EndProjectSection
EndProject
Project("{8BC9CEB8-8B4A-11D0-8D11-00A0C91BC942}") = "blis", "..\..\Blis\MSVisualStudio\v9\Blis.vcproj", "{D090269B-605D-440A-87DB-311831391794}"
	ProjectSection(ProjectDependencies) = postProject
		{DBEA3904-F0B8-408A-9E1A-6497FEBE8C42} = {DBEA3904-F0B8-408A-9E1A-6497FEBE8C42}
		{C4867F15-438D-4FF8-8388-62FBAAA9786C} = {C4867F15-438D-4FF8-8388-62FBAAA9786C}
		{4F8F7D1C-3A9E-444D-8EE9-77F33FA05994} = {4F8F7D1C-3A9E-444D-8EE9-77F33FA05994}
		{02D45875-A8CF-41B9-990B-3699C0ECFE10} = {02D45875-A8CF-41B9-990B-3699C0ECFE10}
		{246A8CAC-4D2A-4D9D-9B5A-BEB99C0F2E89} = {246A8CAC-4D2A-4D9D-9B5A-BEB99C0F2E89}
		{0DDCC5B4-0E53-4FF4-9AA0-CAB39A51D860} = {0DDCC5B4-0E53-4FF4-9AA0-CAB39A51D860}
		{F75776C2-BDEA-4BE4-8B88-C7B3D0BEA111} = {F75776C2-BDEA-4BE4-8B88-C7B3D0BEA111}
		{7D98E2CB-876E-4F75-9F71-77D3FE87E149} = {7D98E2CB-876E-4F75-9F71-77D3FE87E149}
	EndProjectSection
EndProject
Project("{8BC9CEB8-8B4A-11D0-8D11-00A0C91BC942}") = "libCbc", "..\..\Cbc\MSVisualStudio\v9\libCbc\libCbc.vcproj", "{363BA154-FEC9-4E1E-BC23-93CEC58AB785}"
	ProjectSection(ProjectDependencies) = postProject
		{DBEA3904-F0B8-408A-9E1A-6497FEBE8C42} = {DBEA3904-F0B8-408A-9E1A-6497FEBE8C42}
		{C4867F15-438D-4FF8-8388-62FBAAA9786C} = {C4867F15-438D-4FF8-8388-62FBAAA9786C}
		{4F8F7D1C-3A9E-444D-8EE9-77F33FA05994} = {4F8F7D1C-3A9E-444D-8EE9-77F33FA05994}
		{02D45875-A8CF-41B9-990B-3699C0ECFE10} = {02D45875-A8CF-41B9-990B-3699C0ECFE10}
		{7D98E2CB-876E-4F75-9F71-77D3FE87E149} = {7D98E2CB-876E-4F75-9F71-77D3FE87E149}
	EndProjectSection
EndProject
Project("{8BC9CEB8-8B4A-11D0-8D11-00A0C91BC942}") = "libCgl", "..\..\Cgl\MSVisualStudio\v9\libCgl\libCgl.vcproj", "{DBEA3904-F0B8-408A-9E1A-6497FEBE8C42}"
	ProjectSection(ProjectDependencies) = postProject
		{C4867F15-438D-4FF8-8388-62FBAAA9786C} = {C4867F15-438D-4FF8-8388-62FBAAA9786C}
	EndProjectSection
EndProject
Project("{8BC9CEB8-8B4A-11D0-8D11-00A0C91BC942}") = "libClp", "..\..\Clp\MSVisualStudio\v9\libClp\libClp.vcproj", "{4F8F7D1C-3A9E-444D-8EE9-77F33FA05994}"
	ProjectSection(ProjectDependencies) = postProject
		{C4867F15-438D-4FF8-8388-62FBAAA9786C} = {C4867F15-438D-4FF8-8388-62FBAAA9786C}
	EndProjectSection
EndProject
Project("{8BC9CEB8-8B4A-11D0-8D11-00A0C91BC942}") = "clp", "..\..\Clp\MSVisualStudio\v9\clp\clp.vcproj", "{0E9135A7-CB30-48D9-A83D-0F49EC3B601B}"
	ProjectSection(ProjectDependencies) = postProject
		{C4867F15-438D-4FF8-8388-62FBAAA9786C} = {C4867F15-438D-4FF8-8388-62FBAAA9786C}
		{4F8F7D1C-3A9E-444D-8EE9-77F33FA05994} = {4F8F7D1C-3A9E-444D-8EE9-77F33FA05994}
	EndProjectSection
EndProject
Project("{8BC9CEB8-8B4A-11D0-8D11-00A0C91BC942}") = "libOsi", "..\..\Osi\MSVisualStudio\v9\libOsi\libOsi.vcproj", "{7D98E2CB-876E-4F75-9F71-77D3FE87E149}"
	ProjectSection(ProjectDependencies) = postProject
		{C4867F15-438D-4FF8-8388-62FBAAA9786C} = {C4867F15-438D-4FF8-8388-62FBAAA9786C}
	EndProjectSection
EndProject
Project("{8BC9CEB8-8B4A-11D0-8D11-00A0C91BC942}") = "libSmi", "..\..\Smi\MSVisualStudio\v9\libSmi\smiLib.vcproj", "{0FB13161-09B7-46BE-8626-296431701F9F}"
	ProjectSection(ProjectDependencies) = postProject
		{C4867F15-438D-4FF8-8388-62FBAAA9786C} = {C4867F15-438D-4FF8-8388-62FBAAA9786C}
		{4F8F7D1C-3A9E-444D-8EE9-77F33FA05994} = {4F8F7D1C-3A9E-444D-8EE9-77F33FA05994}
	EndProjectSection
EndProject
Project("{8BC9CEB8-8B4A-11D0-8D11-00A0C91BC942}") = "libSymphony", "..\..\SYMPHONY\MSVisualStudio\v9\libSymphony.vcproj", "{BB170874-0B55-4DF6-B0FE-5398CC668B28}"
	ProjectSection(ProjectDependencies) = postProject
		{DBEA3904-F0B8-408A-9E1A-6497FEBE8C42} = {DBEA3904-F0B8-408A-9E1A-6497FEBE8C42}
		{C4867F15-438D-4FF8-8388-62FBAAA9786C} = {C4867F15-438D-4FF8-8388-62FBAAA9786C}
		{4F8F7D1C-3A9E-444D-8EE9-77F33FA05994} = {4F8F7D1C-3A9E-444D-8EE9-77F33FA05994}
		{02D45875-A8CF-41B9-990B-3699C0ECFE10} = {02D45875-A8CF-41B9-990B-3699C0ECFE10}
		{7D98E2CB-876E-4F75-9F71-77D3FE87E149} = {7D98E2CB-876E-4F75-9F71-77D3FE87E149}
	EndProjectSection
EndProject
Project("{8BC9CEB8-8B4A-11D0-8D11-00A0C91BC942}") = "symphony", "..\..\SYMPHONY\MSVisualStudio\v9\symphony.vcproj", "{9F5346B0-208B-4E50-827F-243426C746A0}"
	ProjectSection(ProjectDependencies) = postProject
		{DBEA3904-F0B8-408A-9E1A-6497FEBE8C42} = {DBEA3904-F0B8-408A-9E1A-6497FEBE8C42}
		{C4867F15-438D-4FF8-8388-62FBAAA9786C} = {C4867F15-438D-4FF8-8388-62FBAAA9786C}
		{4F8F7D1C-3A9E-444D-8EE9-77F33FA05994} = {4F8F7D1C-3A9E-444D-8EE9-77F33FA05994}
		{BB170874-0B55-4DF6-B0FE-5398CC668B28} = {BB170874-0B55-4DF6-B0FE-5398CC668B28}
		{02D45875-A8CF-41B9-990B-3699C0ECFE10} = {02D45875-A8CF-41B9-990B-3699C0ECFE10}
		{7D98E2CB-876E-4F75-9F71-77D3FE87E149} = {7D98E2CB-876E-4F75-9F71-77D3FE87E149}
	EndProjectSection
EndProject
Project("{8BC9CEB8-8B4A-11D0-8D11-00A0C91BC942}") = "libVol", "..\..\Vol\MSVisualStudio\v9\libVol\libVol.vcproj", "{DA559014-23BB-4FD9-B0FB-562CCF38C6B9}"
EndProject
Project("{8BC9CEB8-8B4A-11D0-8D11-00A0C91BC942}") = "libCbcSolver", "..\..\Cbc\MSVisualStudio\v9\libCbcSolver\libCbcSolver.vcproj", "{71DA4595-E8A7-4B21-A00A-D96D29D11E3E}"
EndProject
Project("{8BC9CEB8-8B4A-11D0-8D11-00A0C91BC942}") = "libOsiCbc", "..\..\Cbc\MSVisualStudio\v9\libOsiCbc\libOsiCbc.vcproj", "{431ED9C6-FDF6-4836-8B33-BE4EC5378640}"
EndProject
Project("{8BC9CEB8-8B4A-11D0-8D11-00A0C91BC942}") = "libOsiClp", "..\..\Clp\MSVisualStudio\v9\libOsiClp\libOsiClp.vcproj", "{02D45875-A8CF-41B9-990B-3699C0ECFE10}"
EndProject
Project("{8BC9CEB8-8B4A-11D0-8D11-00A0C91BC942}") = "libOsiSym", "..\..\SYMPHONY\MSVisualStudio\v9\libOsiSym.vcproj", "{AC0F178A-9719-44F3-9891-9138B126DC78}"
EndProject
Project("{8BC9CEB8-8B4A-11D0-8D11-00A0C91BC942}") = "libOsiVol", "..\..\Vol\MSVisualStudio\v9\libOsiVol\libOsiVol.vcproj", "{320F1794-907C-4DFC-9C99-31338C658050}"
EndProject
Project("{8BC9CEB8-8B4A-11D0-8D11-00A0C91BC942}") = "cbc", "..\..\Cbc\MSVisualStudio\v9\cbc\cbc.vcproj", "{E2294708-C5BA-460A-B0A7-060A4023684A}"
EndProject
Project("{8BC9CEB8-8B4A-11D0-8D11-00A0C91BC942}") = "libDecomp", "..\..\Dip\MSVisualStudio\v9\Decomp\libDecomp\libDecomp.vcproj", "{A32E1654-5A01-4660-95C6-29E4D42EBF96}"
EndProject
Project("{8BC9CEB8-8B4A-11D0-8D11-00A0C91BC942}") = "libDylp", "..\..\DyLP\MSVisualStudio\v9\libDylp\libDylp.vcproj", "{2F33AD17-18D4-4737-BEFA-FD03A07D7BA3}"
EndProject
Project("{8BC9CEB8-8B4A-11D0-8D11-00A0C91BC942}") = "libDylpStd", "..\..\DyLP\MSVisualStudio\v9\libDylpStdLib\libDylpStdLib.vcproj", "{11A895E6-021D-4F8C-ACF7-860D695AC1C9}"
EndProject
Project("{8BC9CEB8-8B4A-11D0-8D11-00A0C91BC942}") = "libOsiDylp", "..\..\DyLP\MSVisualStudio\v9\libOsiDylp\libOsiDylp.vcproj", "{4B701E10-C331-454F-A76F-2EC8D2260535}"
EndProject
Project("{8BC9CEB8-8B4A-11D0-8D11-00A0C91BC942}") = "libOSCommon", "..\..\OS\MSVisualStudio\v9\libOSCommon\libOSCommon.vcproj", "{9B52F86F-D29F-4EB4-B2AB-35A894A98FBD}"
EndProject
Project("{8BC9CEB8-8B4A-11D0-8D11-00A0C91BC942}") = "libOSSolvers", "..\..\OS\MSVisualStudio\v9\libOSSolvers\libOSSolvers.vcproj", "{9B5C2549-3D21-497E-A9CB-83D9DEB594BB}"
EndProject
Project("{8BC9CEB8-8B4A-11D0-8D11-00A0C91BC942}") = "OSFileUpload", "..\..\OS\MSVisualStudio\v9\OSFileUpload\OSFileUpload.vcproj", "{963AE46B-8C67-4C69-B9DF-5845B65806A9}"
	ProjectSection(ProjectDependencies) = postProject
		{C4867F15-438D-4FF8-8388-62FBAAA9786C} = {C4867F15-438D-4FF8-8388-62FBAAA9786C}
		{9B5C2549-3D21-497E-A9CB-83D9DEB594BB} = {9B5C2549-3D21-497E-A9CB-83D9DEB594BB}
		{9B52F86F-D29F-4EB4-B2AB-35A894A98FBD} = {9B52F86F-D29F-4EB4-B2AB-35A894A98FBD}
	EndProjectSection
EndProject
Project("{8BC9CEB8-8B4A-11D0-8D11-00A0C91BC942}") = "OSSolverService", "..\..\OS\MSVisualStudio\v9\OSSolverService\OSSolverService.vcproj", "{7F684109-6C1F-40D3-B3EC-FCB18651110A}"
EndProject
Global
	GlobalSection(SolutionConfigurationPlatforms) = preSolution
		Debug|Win32 = Debug|Win32
		Release|Win32 = Release|Win32
	EndGlobalSection
	GlobalSection(ProjectConfigurationPlatforms) = postSolution
		{C4867F15-438D-4FF8-8388-62FBAAA9786C}.Debug|Win32.ActiveCfg = Debug|Win32
		{C4867F15-438D-4FF8-8388-62FBAAA9786C}.Debug|Win32.Build.0 = Debug|Win32
		{C4867F15-438D-4FF8-8388-62FBAAA9786C}.Release|Win32.ActiveCfg = Release|Win32
		{C4867F15-438D-4FF8-8388-62FBAAA9786C}.Release|Win32.Build.0 = Release|Win32
		{246A8CAC-4D2A-4D9D-9B5A-BEB99C0F2E89}.Debug|Win32.ActiveCfg = Debug|Win32
		{246A8CAC-4D2A-4D9D-9B5A-BEB99C0F2E89}.Debug|Win32.Build.0 = Debug|Win32
		{246A8CAC-4D2A-4D9D-9B5A-BEB99C0F2E89}.Release|Win32.ActiveCfg = Release|Win32
		{246A8CAC-4D2A-4D9D-9B5A-BEB99C0F2E89}.Release|Win32.Build.0 = Release|Win32
		{F75776C2-BDEA-4BE4-8B88-C7B3D0BEA111}.Debug|Win32.ActiveCfg = Debug|Win32
		{F75776C2-BDEA-4BE4-8B88-C7B3D0BEA111}.Debug|Win32.Build.0 = Debug|Win32
		{F75776C2-BDEA-4BE4-8B88-C7B3D0BEA111}.Release|Win32.ActiveCfg = Release|Win32
		{F75776C2-BDEA-4BE4-8B88-C7B3D0BEA111}.Release|Win32.Build.0 = Release|Win32
		{0DDCC5B4-0E53-4FF4-9AA0-CAB39A51D860}.Debug|Win32.ActiveCfg = Debug|Win32
		{0DDCC5B4-0E53-4FF4-9AA0-CAB39A51D860}.Debug|Win32.Build.0 = Debug|Win32
		{0DDCC5B4-0E53-4FF4-9AA0-CAB39A51D860}.Release|Win32.ActiveCfg = Release|Win32
		{0DDCC5B4-0E53-4FF4-9AA0-CAB39A51D860}.Release|Win32.Build.0 = Release|Win32
		{D090269B-605D-440A-87DB-311831391794}.Debug|Win32.ActiveCfg = Debug|Win32
		{D090269B-605D-440A-87DB-311831391794}.Debug|Win32.Build.0 = Debug|Win32
		{D090269B-605D-440A-87DB-311831391794}.Release|Win32.ActiveCfg = Release|Win32
		{D090269B-605D-440A-87DB-311831391794}.Release|Win32.Build.0 = Release|Win32
		{363BA154-FEC9-4E1E-BC23-93CEC58AB785}.Debug|Win32.ActiveCfg = Debug|Win32
		{363BA154-FEC9-4E1E-BC23-93CEC58AB785}.Debug|Win32.Build.0 = Debug|Win32
		{363BA154-FEC9-4E1E-BC23-93CEC58AB785}.Release|Win32.ActiveCfg = Release|Win32
		{363BA154-FEC9-4E1E-BC23-93CEC58AB785}.Release|Win32.Build.0 = Release|Win32
		{DBEA3904-F0B8-408A-9E1A-6497FEBE8C42}.Debug|Win32.ActiveCfg = Debug|Win32
		{DBEA3904-F0B8-408A-9E1A-6497FEBE8C42}.Debug|Win32.Build.0 = Debug|Win32
		{DBEA3904-F0B8-408A-9E1A-6497FEBE8C42}.Release|Win32.ActiveCfg = Release|Win32
		{DBEA3904-F0B8-408A-9E1A-6497FEBE8C42}.Release|Win32.Build.0 = Release|Win32
		{4F8F7D1C-3A9E-444D-8EE9-77F33FA05994}.Debug|Win32.ActiveCfg = Debug|Win32
		{4F8F7D1C-3A9E-444D-8EE9-77F33FA05994}.Debug|Win32.Build.0 = Debug|Win32
		{4F8F7D1C-3A9E-444D-8EE9-77F33FA05994}.Release|Win32.ActiveCfg = Release|Win32
		{4F8F7D1C-3A9E-444D-8EE9-77F33FA05994}.Release|Win32.Build.0 = Release|Win32
		{0E9135A7-CB30-48D9-A83D-0F49EC3B601B}.Debug|Win32.ActiveCfg = Debug|Win32
		{0E9135A7-CB30-48D9-A83D-0F49EC3B601B}.Debug|Win32.Build.0 = Debug|Win32
		{0E9135A7-CB30-48D9-A83D-0F49EC3B601B}.Release|Win32.ActiveCfg = Release|Win32
		{0E9135A7-CB30-48D9-A83D-0F49EC3B601B}.Release|Win32.Build.0 = Release|Win32
		{7D98E2CB-876E-4F75-9F71-77D3FE87E149}.Debug|Win32.ActiveCfg = Debug|Win32
		{7D98E2CB-876E-4F75-9F71-77D3FE87E149}.Debug|Win32.Build.0 = Debug|Win32
		{7D98E2CB-876E-4F75-9F71-77D3FE87E149}.Release|Win32.ActiveCfg = Release|Win32
		{7D98E2CB-876E-4F75-9F71-77D3FE87E149}.Release|Win32.Build.0 = Release|Win32
		{0FB13161-09B7-46BE-8626-296431701F9F}.Debug|Win32.ActiveCfg = Debug|Win32
		{0FB13161-09B7-46BE-8626-296431701F9F}.Debug|Win32.Build.0 = Debug|Win32
		{0FB13161-09B7-46BE-8626-296431701F9F}.Release|Win32.ActiveCfg = Release|Win32
		{0FB13161-09B7-46BE-8626-296431701F9F}.Release|Win32.Build.0 = Release|Win32
		{BB170874-0B55-4DF6-B0FE-5398CC668B28}.Debug|Win32.ActiveCfg = Debug|Win32
		{BB170874-0B55-4DF6-B0FE-5398CC668B28}.Debug|Win32.Build.0 = Debug|Win32
		{BB170874-0B55-4DF6-B0FE-5398CC668B28}.Release|Win32.ActiveCfg = Release|Win32
		{BB170874-0B55-4DF6-B0FE-5398CC668B28}.Release|Win32.Build.0 = Release|Win32
		{9F5346B0-208B-4E50-827F-243426C746A0}.Debug|Win32.ActiveCfg = Debug|Win32
		{9F5346B0-208B-4E50-827F-243426C746A0}.Debug|Win32.Build.0 = Debug|Win32
		{9F5346B0-208B-4E50-827F-243426C746A0}.Release|Win32.ActiveCfg = Release|Win32
		{9F5346B0-208B-4E50-827F-243426C746A0}.Release|Win32.Build.0 = Release|Win32
		{DA559014-23BB-4FD9-B0FB-562CCF38C6B9}.Debug|Win32.ActiveCfg = Debug|Win32
		{DA559014-23BB-4FD9-B0FB-562CCF38C6B9}.Debug|Win32.Build.0 = Debug|Win32
		{DA559014-23BB-4FD9-B0FB-562CCF38C6B9}.Release|Win32.ActiveCfg = Release|Win32
		{DA559014-23BB-4FD9-B0FB-562CCF38C6B9}.Release|Win32.Build.0 = Release|Win32
		{71DA4595-E8A7-4B21-A00A-D96D29D11E3E}.Debug|Win32.ActiveCfg = Debug|Win32
		{71DA4595-E8A7-4B21-A00A-D96D29D11E3E}.Debug|Win32.Build.0 = Debug|Win32
		{71DA4595-E8A7-4B21-A00A-D96D29D11E3E}.Release|Win32.ActiveCfg = Release|Win32
		{71DA4595-E8A7-4B21-A00A-D96D29D11E3E}.Release|Win32.Build.0 = Release|Win32
		{431ED9C6-FDF6-4836-8B33-BE4EC5378640}.Debug|Win32.ActiveCfg = Debug|Win32
		{431ED9C6-FDF6-4836-8B33-BE4EC5378640}.Debug|Win32.Build.0 = Debug|Win32
		{431ED9C6-FDF6-4836-8B33-BE4EC5378640}.Release|Win32.ActiveCfg = Release|Win32
		{431ED9C6-FDF6-4836-8B33-BE4EC5378640}.Release|Win32.Build.0 = Release|Win32
		{02D45875-A8CF-41B9-990B-3699C0ECFE10}.Debug|Win32.ActiveCfg = Debug|Win32
		{02D45875-A8CF-41B9-990B-3699C0ECFE10}.Debug|Win32.Build.0 = Debug|Win32
		{02D45875-A8CF-41B9-990B-3699C0ECFE10}.Release|Win32.ActiveCfg = Release|Win32
		{02D45875-A8CF-41B9-990B-3699C0ECFE10}.Release|Win32.Build.0 = Release|Win32
		{AC0F178A-9719-44F3-9891-9138B126DC78}.Debug|Win32.ActiveCfg = Debug|Win32
		{AC0F178A-9719-44F3-9891-9138B126DC78}.Debug|Win32.Build.0 = Debug|Win32
		{AC0F178A-9719-44F3-9891-9138B126DC78}.Release|Win32.ActiveCfg = Release|Win32
		{AC0F178A-9719-44F3-9891-9138B126DC78}.Release|Win32.Build.0 = Release|Win32
		{320F1794-907C-4DFC-9C99-31338C658050}.Debug|Win32.ActiveCfg = Debug|Win32
		{320F1794-907C-4DFC-9C99-31338C658050}.Debug|Win32.Build.0 = Debug|Win32
		{320F1794-907C-4DFC-9C99-31338C658050}.Release|Win32.ActiveCfg = Release|Win32
		{320F1794-907C-4DFC-9C99-31338C658050}.Release|Win32.Build.0 = Release|Win32
		{E2294708-C5BA-460A-B0A7-060A4023684A}.Debug|Win32.ActiveCfg = Debug|Win32
		{E2294708-C5BA-460A-B0A7-060A4023684A}.Debug|Win32.Build.0 = Debug|Win32
		{E2294708-C5BA-460A-B0A7-060A4023684A}.Release|Win32.ActiveCfg = Release|Win32
		{E2294708-C5BA-460A-B0A7-060A4023684A}.Release|Win32.Build.0 = Release|Win32
		{A32E1654-5A01-4660-95C6-29E4D42EBF96}.Debug|Win32.ActiveCfg = Debug|Win32
		{A32E1654-5A01-4660-95C6-29E4D42EBF96}.Debug|Win32.Build.0 = Debug|Win32
		{A32E1654-5A01-4660-95C6-29E4D42EBF96}.Release|Win32.ActiveCfg = Release|Win32
		{A32E1654-5A01-4660-95C6-29E4D42EBF96}.Release|Win32.Build.0 = Release|Win32
		{2F33AD17-18D4-4737-BEFA-FD03A07D7BA3}.Debug|Win32.ActiveCfg = Debug|Win32
		{2F33AD17-18D4-4737-BEFA-FD03A07D7BA3}.Debug|Win32.Build.0 = Debug|Win32
		{2F33AD17-18D4-4737-BEFA-FD03A07D7BA3}.Release|Win32.ActiveCfg = Release|Win32
		{2F33AD17-18D4-4737-BEFA-FD03A07D7BA3}.Release|Win32.Build.0 = Release|Win32
		{11A895E6-021D-4F8C-ACF7-860D695AC1C9}.Debug|Win32.ActiveCfg = Debug|Win32
		{11A895E6-021D-4F8C-ACF7-860D695AC1C9}.Debug|Win32.Build.0 = Debug|Win32
		{11A895E6-021D-4F8C-ACF7-860D695AC1C9}.Release|Win32.ActiveCfg = Release|Win32
		{11A895E6-021D-4F8C-ACF7-860D695AC1C9}.Release|Win32.Build.0 = Release|Win32
		{4B701E10-C331-454F-A76F-2EC8D2260535}.Debug|Win32.ActiveCfg = Debug|Win32
		{4B701E10-C331-454F-A76F-2EC8D2260535}.Debug|Win32.Build.0 = Debug|Win32
		{4B701E10-C331-454F-A76F-2EC8D2260535}.Release|Win32.ActiveCfg = Release|Win32
		{4B701E10-C331-454F-A76F-2EC8D2260535}.Release|Win32.Build.0 = Release|Win32
		{9B52F86F-D29F-4EB4-B2AB-35A894A98FBD}.Debug|Win32.ActiveCfg = Debug|Win32
		{9B52F86F-D29F-4EB4-B2AB-35A894A98FBD}.Debug|Win32.Build.0 = Debug|Win32
		{9B52F86F-D29F-4EB4-B2AB-35A894A98FBD}.Release|Win32.ActiveCfg = Release|Win32
		{9B52F86F-D29F-4EB4-B2AB-35A894A98FBD}.Release|Win32.Build.0 = Release|Win32
		{9B5C2549-3D21-497E-A9CB-83D9DEB594BB}.Debug|Win32.ActiveCfg = Debug|Win32
		{9B5C2549-3D21-497E-A9CB-83D9DEB594BB}.Debug|Win32.Build.0 = Debug|Win32
		{9B5C2549-3D21-497E-A9CB-83D9DEB594BB}.Release|Win32.ActiveCfg = Release|Win32
		{9B5C2549-3D21-497E-A9CB-83D9DEB594BB}.Release|Win32.Build.0 = Release|Win32
		{963AE46B-8C67-4C69-B9DF-5845B65806A9}.Debug|Win32.ActiveCfg = Debug|Win32
		{963AE46B-8C67-4C69-B9DF-5845B65806A9}.Debug|Win32.Build.0 = Debug|Win32
		{963AE46B-8C67-4C69-B9DF-5845B65806A9}.Release|Win32.ActiveCfg = Release|Win32
		{963AE46B-8C67-4C69-B9DF-5845B65806A9}.Release|Win32.Build.0 = Release|Win32
		{7F684109-6C1F-40D3-B3EC-FCB18651110A}.Debug|Win32.ActiveCfg = Debug|Win32
		{7F684109-6C1F-40D3-B3EC-FCB18651110A}.Debug|Win32.Build.0 = Debug|Win32
		{7F684109-6C1F-40D3-B3EC-FCB18651110A}.Release|Win32.ActiveCfg = Release|Win32
		{7F684109-6C1F-40D3-B3EC-FCB18651110A}.Release|Win32.Build.0 = Release|Win32
	EndGlobalSection
	GlobalSection(SolutionProperties) = preSolution
		HideSolutionNode = FALSE
	EndGlobalSection
EndGlobal
