
Microsoft Visual Studio Solution File, Format Version 9.00
# Visual C++ Express 2005
Project("{8BC9CEB8-8B4A-11D0-8D11-00A0C91BC942}") = "libAlps", "..\..\Alps\MSVisualStudio\v8\libAlps.vcproj", "{246A8CAC-4D2A-4D9D-9B5A-BEB99C0F2E89}"
EndProject
Project("{8BC9CEB8-8B4A-11D0-8D11-00A0C91BC942}") = "libCbc", "..\..\Cbc\MSVisualStudio\v8\libCbc\libCbc.vcproj", "{363BA154-FEC9-4E1E-BC23-93CEC58AB785}"
EndProject
Project("{8BC9CEB8-8B4A-11D0-8D11-00A0C91BC942}") = "cbcSolve", "..\..\Cbc\MSVisualStudio\v8\cbcSolve\cbcSolve.vcproj", "{E2294708-C5BA-460A-B0A7-060A4023684A}"
	ProjectSection(ProjectDependencies) = postProject
		{7D98E2CB-876E-4F75-9F71-77D3FE87E149} = {7D98E2CB-876E-4F75-9F71-77D3FE87E149}
		{DBEA3904-F0B8-408A-9E1A-6497FEBE8C42} = {DBEA3904-F0B8-408A-9E1A-6497FEBE8C42}
		{C4867F15-438D-4FF8-8388-62FBAAA9786C} = {C4867F15-438D-4FF8-8388-62FBAAA9786C}
		{4F8F7D1C-3A9E-444D-8EE9-77F33FA05994} = {4F8F7D1C-3A9E-444D-8EE9-77F33FA05994}
		{02D45875-A8CF-41B9-990B-3699C0ECFE10} = {02D45875-A8CF-41B9-990B-3699C0ECFE10}
		{363BA154-FEC9-4E1E-BC23-93CEC58AB785} = {363BA154-FEC9-4E1E-BC23-93CEC58AB785}
	EndProjectSection
EndProject
Project("{8BC9CEB8-8B4A-11D0-8D11-00A0C91BC942}") = "libCgl", "..\..\Cgl\MSVisualStudio\v8\libCgl\libCgl.vcproj", "{DBEA3904-F0B8-408A-9E1A-6497FEBE8C42}"
EndProject
Project("{8BC9CEB8-8B4A-11D0-8D11-00A0C91BC942}") = "libClp", "..\..\Clp\MSVisualStudio\v8\libClp\libClp.vcproj", "{4F8F7D1C-3A9E-444D-8EE9-77F33FA05994}"
EndProject
Project("{8BC9CEB8-8B4A-11D0-8D11-00A0C91BC942}") = "clp", "..\..\Clp\MSVisualStudio\v8\clp\clp.vcproj", "{0E9135A7-CB30-48D9-A83D-0F49EC3B601B}"
	ProjectSection(ProjectDependencies) = postProject
		{C4867F15-438D-4FF8-8388-62FBAAA9786C} = {C4867F15-438D-4FF8-8388-62FBAAA9786C}
		{4F8F7D1C-3A9E-444D-8EE9-77F33FA05994} = {4F8F7D1C-3A9E-444D-8EE9-77F33FA05994}
	EndProjectSection
EndProject
Project("{8BC9CEB8-8B4A-11D0-8D11-00A0C91BC942}") = "libCoinUtils", "..\..\CoinUtils\MSVisualStudio\v8\libCoinUtils\libCoinUtils.vcproj", "{C4867F15-438D-4FF8-8388-62FBAAA9786C}"
EndProject
Project("{8BC9CEB8-8B4A-11D0-8D11-00A0C91BC942}") = "libOsi", "..\..\Osi\MSVisualStudio\v8\libOsi\libOsi.vcproj", "{7D98E2CB-876E-4F75-9F71-77D3FE87E149}"
EndProject
Project("{8BC9CEB8-8B4A-11D0-8D11-00A0C91BC942}") = "libOsiCbc", "..\..\Osi\MSVisualStudio\v8\libOsiCbc\libOsiCbc.vcproj", "{A4D8DB82-7DC6-45EE-AF08-2A6DD7E7AB56}"
EndProject
Project("{8BC9CEB8-8B4A-11D0-8D11-00A0C91BC942}") = "libOsiClp", "..\..\Osi\MSVisualStudio\v8\libOsiClp\libOsiClp.vcproj", "{02D45875-A8CF-41B9-990B-3699C0ECFE10}"
EndProject
Project("{8BC9CEB8-8B4A-11D0-8D11-00A0C91BC942}") = "libOsiSym", "..\..\Osi\MSVisualStudio\v8\libOsiSym\libOsiSym.vcproj", "{AC0F178A-9719-44F3-9891-9138B126DC78}"
EndProject
Project("{8BC9CEB8-8B4A-11D0-8D11-00A0C91BC942}") = "libOsiVol", "..\..\Osi\MSVisualStudio\v8\libOsiVol\libOsiVol.vcproj", "{F359370A-340C-4EE0-9B09-5BBE04C769B4}"
EndProject
Project("{8BC9CEB8-8B4A-11D0-8D11-00A0C91BC942}") = "libSymphony", "..\..\SYMPHONY\MSVisualStudio\v8\libSymphony.vcproj", "{BB170874-0B55-4DF6-B0FE-5398CC668B28}"
EndProject
Project("{8BC9CEB8-8B4A-11D0-8D11-00A0C91BC942}") = "symphony", "..\..\SYMPHONY\MSVisualStudio\v8\symphony.vcproj", "{9F5346B0-208B-4E50-827F-243426C746A0}"
	ProjectSection(ProjectDependencies) = postProject
		{DBEA3904-F0B8-408A-9E1A-6497FEBE8C42} = {DBEA3904-F0B8-408A-9E1A-6497FEBE8C42}
		{C4867F15-438D-4FF8-8388-62FBAAA9786C} = {C4867F15-438D-4FF8-8388-62FBAAA9786C}
		{4F8F7D1C-3A9E-444D-8EE9-77F33FA05994} = {4F8F7D1C-3A9E-444D-8EE9-77F33FA05994}
		{BB170874-0B55-4DF6-B0FE-5398CC668B28} = {BB170874-0B55-4DF6-B0FE-5398CC668B28}
		{02D45875-A8CF-41B9-990B-3699C0ECFE10} = {02D45875-A8CF-41B9-990B-3699C0ECFE10}
		{7D98E2CB-876E-4F75-9F71-77D3FE87E149} = {7D98E2CB-876E-4F75-9F71-77D3FE87E149}
	EndProjectSection
EndProject
Project("{8BC9CEB8-8B4A-11D0-8D11-00A0C91BC942}") = "libBcps", "..\..\Bcps\MSVisualStudio\v8\libBcps.vcproj", "{F75776C2-BDEA-4BE4-8B88-C7B3D0BEA111}"
EndProject
Project("{8BC9CEB8-8B4A-11D0-8D11-00A0C91BC942}") = "libVol", "..\..\Vol\MSVisualStudio\v8\libVol\libVol.vcproj", "{DA559014-23BB-4FD9-B0FB-562CCF38C6B9}"
EndProject
Project("{8BC9CEB8-8B4A-11D0-8D11-00A0C91BC942}") = "libBlis", "..\..\Blis\MSVisualStudio\v8\libBlis.vcproj", "{0DDCC5B4-0E53-4FF4-9AA0-CAB39A51D860}"
EndProject
Project("{8BC9CEB8-8B4A-11D0-8D11-00A0C91BC942}") = "blis", "..\..\Blis\MSVisualStudio\v8\Blis.vcproj", "{D090269B-605D-440A-87DB-311831391794}"
	ProjectSection(ProjectDependencies) = postProject
		{7D98E2CB-876E-4F75-9F71-77D3FE87E149} = {7D98E2CB-876E-4F75-9F71-77D3FE87E149}
		{F75776C2-BDEA-4BE4-8B88-C7B3D0BEA111} = {F75776C2-BDEA-4BE4-8B88-C7B3D0BEA111}
		{0DDCC5B4-0E53-4FF4-9AA0-CAB39A51D860} = {0DDCC5B4-0E53-4FF4-9AA0-CAB39A51D860}
		{246A8CAC-4D2A-4D9D-9B5A-BEB99C0F2E89} = {246A8CAC-4D2A-4D9D-9B5A-BEB99C0F2E89}
		{02D45875-A8CF-41B9-990B-3699C0ECFE10} = {02D45875-A8CF-41B9-990B-3699C0ECFE10}
		{4F8F7D1C-3A9E-444D-8EE9-77F33FA05994} = {4F8F7D1C-3A9E-444D-8EE9-77F33FA05994}
		{DBEA3904-F0B8-408A-9E1A-6497FEBE8C42} = {DBEA3904-F0B8-408A-9E1A-6497FEBE8C42}
		{C4867F15-438D-4FF8-8388-62FBAAA9786C} = {C4867F15-438D-4FF8-8388-62FBAAA9786C}
	EndProjectSection
EndProject
Project("{8BC9CEB8-8B4A-11D0-8D11-00A0C91BC942}") = "libSmi", "..\..\Smi\MSVisualStudio\v8\libSmi\smiLib.vcproj", "{0FB13161-09B7-46BE-8626-296431701F9F}"
EndProject
Global
	GlobalSection(SolutionConfigurationPlatforms) = preSolution
		Debug|Win32 = Debug|Win32
		Release|Win32 = Release|Win32
	EndGlobalSection
	GlobalSection(ProjectConfigurationPlatforms) = postSolution
		{246A8CAC-4D2A-4D9D-9B5A-BEB99C0F2E89}.Debug|Win32.ActiveCfg = Debug|Win32
		{246A8CAC-4D2A-4D9D-9B5A-BEB99C0F2E89}.Debug|Win32.Build.0 = Debug|Win32
		{246A8CAC-4D2A-4D9D-9B5A-BEB99C0F2E89}.Release|Win32.ActiveCfg = Release|Win32
		{246A8CAC-4D2A-4D9D-9B5A-BEB99C0F2E89}.Release|Win32.Build.0 = Release|Win32
		{363BA154-FEC9-4E1E-BC23-93CEC58AB785}.Debug|Win32.ActiveCfg = Debug|Win32
		{363BA154-FEC9-4E1E-BC23-93CEC58AB785}.Debug|Win32.Build.0 = Debug|Win32
		{363BA154-FEC9-4E1E-BC23-93CEC58AB785}.Release|Win32.ActiveCfg = Release|Win32
		{363BA154-FEC9-4E1E-BC23-93CEC58AB785}.Release|Win32.Build.0 = Release|Win32
		{E2294708-C5BA-460A-B0A7-060A4023684A}.Debug|Win32.ActiveCfg = Debug|Win32
		{E2294708-C5BA-460A-B0A7-060A4023684A}.Debug|Win32.Build.0 = Debug|Win32
		{E2294708-C5BA-460A-B0A7-060A4023684A}.Release|Win32.ActiveCfg = Release|Win32
		{E2294708-C5BA-460A-B0A7-060A4023684A}.Release|Win32.Build.0 = Release|Win32
		{DBEA3904-F0B8-408A-9E1A-6497FEBE8C42}.Debug|Win32.ActiveCfg = Debug|Win32
		{DBEA3904-F0B8-408A-9E1A-6497FEBE8C42}.Debug|Win32.Build.0 = Debug|Win32
		{DBEA3904-F0B8-408A-9E1A-6497FEBE8C42}.Release|Win32.ActiveCfg = Release|Win32
		{DBEA3904-F0B8-408A-9E1A-6497FEBE8C42}.Release|Win32.Build.0 = Release|Win32
		{4F8F7D1C-3A9E-444D-8EE9-77F33FA05994}.Debug|Win32.ActiveCfg = Debug|Win32
		{4F8F7D1C-3A9E-444D-8EE9-77F33FA05994}.Debug|Win32.Build.0 = Debug|Win32
		{4F8F7D1C-3A9E-444D-8EE9-77F33FA05994}.Release|Win32.ActiveCfg = Release|Win32
		{4F8F7D1C-3A9E-444D-8EE9-77F33FA05994}.Release|Win32.Build.0 = Release|Win32
		{0E9135A7-CB30-48D9-A83D-0F49EC3B601B}.Debug|Win32.ActiveCfg = Debug|Win32
		{0E9135A7-CB30-48D9-A83D-0F49EC3B601B}.Debug|Win32.Build.0 = Debug|Win32
		{0E9135A7-CB30-48D9-A83D-0F49EC3B601B}.Release|Win32.ActiveCfg = Release|Win32
		{0E9135A7-CB30-48D9-A83D-0F49EC3B601B}.Release|Win32.Build.0 = Release|Win32
		{C4867F15-438D-4FF8-8388-62FBAAA9786C}.Debug|Win32.ActiveCfg = Debug|Win32
		{C4867F15-438D-4FF8-8388-62FBAAA9786C}.Debug|Win32.Build.0 = Debug|Win32
		{C4867F15-438D-4FF8-8388-62FBAAA9786C}.Release|Win32.ActiveCfg = Release|Win32
		{C4867F15-438D-4FF8-8388-62FBAAA9786C}.Release|Win32.Build.0 = Release|Win32
		{7D98E2CB-876E-4F75-9F71-77D3FE87E149}.Debug|Win32.ActiveCfg = Debug|Win32
		{7D98E2CB-876E-4F75-9F71-77D3FE87E149}.Debug|Win32.Build.0 = Debug|Win32
		{7D98E2CB-876E-4F75-9F71-77D3FE87E149}.Release|Win32.ActiveCfg = Release|Win32
		{7D98E2CB-876E-4F75-9F71-77D3FE87E149}.Release|Win32.Build.0 = Release|Win32
		{A4D8DB82-7DC6-45EE-AF08-2A6DD7E7AB56}.Debug|Win32.ActiveCfg = Debug|Win32
		{A4D8DB82-7DC6-45EE-AF08-2A6DD7E7AB56}.Debug|Win32.Build.0 = Debug|Win32
		{A4D8DB82-7DC6-45EE-AF08-2A6DD7E7AB56}.Release|Win32.ActiveCfg = Release|Win32
		{A4D8DB82-7DC6-45EE-AF08-2A6DD7E7AB56}.Release|Win32.Build.0 = Release|Win32
		{02D45875-A8CF-41B9-990B-3699C0ECFE10}.Debug|Win32.ActiveCfg = Debug|Win32
		{02D45875-A8CF-41B9-990B-3699C0ECFE10}.Debug|Win32.Build.0 = Debug|Win32
		{02D45875-A8CF-41B9-990B-3699C0ECFE10}.Release|Win32.ActiveCfg = Release|Win32
		{02D45875-A8CF-41B9-990B-3699C0ECFE10}.Release|Win32.Build.0 = Release|Win32
		{AC0F178A-9719-44F3-9891-9138B126DC78}.Debug|Win32.ActiveCfg = Debug|Win32
		{AC0F178A-9719-44F3-9891-9138B126DC78}.Debug|Win32.Build.0 = Debug|Win32
		{AC0F178A-9719-44F3-9891-9138B126DC78}.Release|Win32.ActiveCfg = Release|Win32
		{AC0F178A-9719-44F3-9891-9138B126DC78}.Release|Win32.Build.0 = Release|Win32
		{F359370A-340C-4EE0-9B09-5BBE04C769B4}.Debug|Win32.ActiveCfg = Debug|Win32
		{F359370A-340C-4EE0-9B09-5BBE04C769B4}.Debug|Win32.Build.0 = Debug|Win32
		{F359370A-340C-4EE0-9B09-5BBE04C769B4}.Release|Win32.ActiveCfg = Release|Win32
		{F359370A-340C-4EE0-9B09-5BBE04C769B4}.Release|Win32.Build.0 = Release|Win32
		{BB170874-0B55-4DF6-B0FE-5398CC668B28}.Debug|Win32.ActiveCfg = Debug|Win32
		{BB170874-0B55-4DF6-B0FE-5398CC668B28}.Debug|Win32.Build.0 = Debug|Win32
		{BB170874-0B55-4DF6-B0FE-5398CC668B28}.Release|Win32.ActiveCfg = Release|Win32
		{BB170874-0B55-4DF6-B0FE-5398CC668B28}.Release|Win32.Build.0 = Release|Win32
		{9F5346B0-208B-4E50-827F-243426C746A0}.Debug|Win32.ActiveCfg = Debug|Win32
		{9F5346B0-208B-4E50-827F-243426C746A0}.Debug|Win32.Build.0 = Debug|Win32
		{9F5346B0-208B-4E50-827F-243426C746A0}.Release|Win32.ActiveCfg = Release|Win32
		{9F5346B0-208B-4E50-827F-243426C746A0}.Release|Win32.Build.0 = Release|Win32
		{F75776C2-BDEA-4BE4-8B88-C7B3D0BEA111}.Debug|Win32.ActiveCfg = Debug|Win32
		{F75776C2-BDEA-4BE4-8B88-C7B3D0BEA111}.Debug|Win32.Build.0 = Debug|Win32
		{F75776C2-BDEA-4BE4-8B88-C7B3D0BEA111}.Release|Win32.ActiveCfg = Release|Win32
		{F75776C2-BDEA-4BE4-8B88-C7B3D0BEA111}.Release|Win32.Build.0 = Release|Win32
		{DA559014-23BB-4FD9-B0FB-562CCF38C6B9}.Debug|Win32.ActiveCfg = Debug|Win32
		{DA559014-23BB-4FD9-B0FB-562CCF38C6B9}.Debug|Win32.Build.0 = Debug|Win32
		{DA559014-23BB-4FD9-B0FB-562CCF38C6B9}.Release|Win32.ActiveCfg = Release|Win32
		{DA559014-23BB-4FD9-B0FB-562CCF38C6B9}.Release|Win32.Build.0 = Release|Win32
		{0DDCC5B4-0E53-4FF4-9AA0-CAB39A51D860}.Debug|Win32.ActiveCfg = Debug|Win32
		{0DDCC5B4-0E53-4FF4-9AA0-CAB39A51D860}.Debug|Win32.Build.0 = Debug|Win32
		{0DDCC5B4-0E53-4FF4-9AA0-CAB39A51D860}.Release|Win32.ActiveCfg = Release|Win32
		{0DDCC5B4-0E53-4FF4-9AA0-CAB39A51D860}.Release|Win32.Build.0 = Release|Win32
		{D090269B-605D-440A-87DB-311831391794}.Debug|Win32.ActiveCfg = Debug|Win32
		{D090269B-605D-440A-87DB-311831391794}.Debug|Win32.Build.0 = Debug|Win32
		{D090269B-605D-440A-87DB-311831391794}.Release|Win32.ActiveCfg = Release|Win32
		{D090269B-605D-440A-87DB-311831391794}.Release|Win32.Build.0 = Release|Win32
		{0FB13161-09B7-46BE-8626-296431701F9F}.Debug|Win32.ActiveCfg = Debug|Win32
		{0FB13161-09B7-46BE-8626-296431701F9F}.Debug|Win32.Build.0 = Debug|Win32
		{0FB13161-09B7-46BE-8626-296431701F9F}.Release|Win32.ActiveCfg = Release|Win32
		{0FB13161-09B7-46BE-8626-296431701F9F}.Release|Win32.Build.0 = Release|Win32
	EndGlobalSection
	GlobalSection(SolutionProperties) = preSolution
		HideSolutionNode = FALSE
	EndGlobalSection
EndGlobal
